
Microsoft Visual Studio Solution File, Format Version 12.00
# Visual Studio Version 16
VisualStudioVersion = 16.0.32413.511
MinimumVisualStudioVersion = 10.0.40219.1
Project("{2150E333-8FDC-42A3-9474-1A3956D46DE8}") = "Task0", "Task0", "{54449CF1-3D20-467B-BC6E-1B4307B0FE7B}"
EndProject
Project("{FAE04EC0-301F-11D3-BF4B-00C04F79EFBC}") = "Tyuiu.NikolaevaAN.Sprint4.Task0.V17", "Tyuiu.NikolaevaAN.Sprint4.Task0.V17\Tyuiu.NikolaevaAN.Sprint4.Task0.V17.csproj", "{46631E4A-FD1B-49EC-BF95-F1020A8AD141}"
EndProject
Project("{FAE04EC0-301F-11D3-BF4B-00C04F79EFBC}") = "Tyuiu.NikolaevaAN.Sprint4.Task0.V17.Lib", "Tyuiu.NikolaevaAN.Sprint4.Task0.V17.Lib\Tyuiu.NikolaevaAN.Sprint4.Task0.V17.Lib.csproj", "{390CF5CB-CA58-4594-8C02-64D8E263D87B}"
EndProject
Project("{FAE04EC0-301F-11D3-BF4B-00C04F79EFBC}") = "Tyuiu.NikolaevaAN.Sprint4.Task0.V17.Test", "Tyuiu.NikolaevaAN.Sprint4.Task0.V17.Test\Tyuiu.NikolaevaAN.Sprint4.Task0.V17.Test.csproj", "{68C7E2EA-874E-4E60-BF1F-7B9723C47C12}"
EndProject
Project("{2150E333-8FDC-42A3-9474-1A3956D46DE8}") = "Task1", "Task1", "{41D265E2-390F-4750-A872-04D76589384E}"
EndProject
Project("{FAE04EC0-301F-11D3-BF4B-00C04F79EFBC}") = "Tyuiu.NikolaevaAN.Sprint4.Task1.V27", "Tyuiu.NikolaevaAN.Sprint4.Task1.V27\Tyuiu.NikolaevaAN.Sprint4.Task1.V27.csproj", "{208E14B9-331B-4273-A580-1CA1B7A349D8}"
EndProject
Project("{FAE04EC0-301F-11D3-BF4B-00C04F79EFBC}") = "Tyuiu.NikolaevaAN.Sprint4.Task1.V27.Lib", "Tyuiu.NikolaevaAN.Sprint4.Task1.V27.Lib\Tyuiu.NikolaevaAN.Sprint4.Task1.V27.Lib.csproj", "{AE1B3896-63C6-4F50-89F7-39BE19977DBF}"
EndProject
Project("{FAE04EC0-301F-11D3-BF4B-00C04F79EFBC}") = "Tyuiu.NikolaevaAN.Sprint4.Task1.V27.Test", "Tyuiu.NikolaevaAN.Sprint4.Task1.V27.Test\Tyuiu.NikolaevaAN.Sprint4.Task1.V27.Test.csproj", "{665412F6-E003-4046-9864-630E09FF4D3F}"
EndProject
Project("{2150E333-8FDC-42A3-9474-1A3956D46DE8}") = "Task2", "Task2", "{258DB27B-3711-45C5-96D8-6255A42026D1}"
EndProject
Project("{FAE04EC0-301F-11D3-BF4B-00C04F79EFBC}") = "Tyuiu.NikolaevaAN.Sprint4.Task2.V5", "Tyuiu.NikolaevaAN.Sprint4.Task2.V5\Tyuiu.NikolaevaAN.Sprint4.Task2.V5.csproj", "{72B367F2-1A11-4413-A6FD-582F8F894472}"
EndProject
Project("{FAE04EC0-301F-11D3-BF4B-00C04F79EFBC}") = "Tyuiu.NikolaevaAN.Sprint4.Task2.V5.Lib", "Tyuiu.NikolaevaAN.Sprint4.Task2.V5.Lib\Tyuiu.NikolaevaAN.Sprint4.Task2.V5.Lib.csproj", "{009FA6B2-E0A5-435D-9276-B6163EA06DB1}"
EndProject
Project("{FAE04EC0-301F-11D3-BF4B-00C04F79EFBC}") = "Tyuiu.NikolaevaAN.Sprint4.Task2.V5.Test", "Tyuiu.NikolaevaAN.Sprint4.Task2.V5.Test\Tyuiu.NikolaevaAN.Sprint4.Task2.V5.Test.csproj", "{98FE44A8-0799-4A2C-9122-6641978ACF03}"
EndProject
Project("{2150E333-8FDC-42A3-9474-1A3956D46DE8}") = "Task3", "Task3", "{8DA1183E-7676-48F2-84FF-79A815A7675D}"
EndProject
Project("{FAE04EC0-301F-11D3-BF4B-00C04F79EFBC}") = "Tyuiu.NikolaevaAN.Sprint4.Task3.V19", "Tyuiu.NikolaevaAN.Sprint4.Task3.V19\Tyuiu.NikolaevaAN.Sprint4.Task3.V19.csproj", "{1F4CB17E-0308-4298-9BAD-B42E75D9E5F7}"
EndProject
Project("{FAE04EC0-301F-11D3-BF4B-00C04F79EFBC}") = "Tyuiu.NikolaevaAN.Sprint4.Task3.V19.Lib", "Tyuiu.NikolaevaAN.Sprint4.Task3.V19.Lib\Tyuiu.NikolaevaAN.Sprint4.Task3.V19.Lib.csproj", "{CF1F4051-AA93-4C96-81BD-7BE551A1B4FB}"
EndProject
Project("{FAE04EC0-301F-11D3-BF4B-00C04F79EFBC}") = "Tyuiu.NikolaevaAN.Sprint4.Task3.V19.Test", "Tyuiu.NikolaevaAN.Sprint4.Task3.V19.Test\Tyuiu.NikolaevaAN.Sprint4.Task3.V19.Test.csproj", "{F5EB2EF1-62F8-40D2-8600-46F460A41DB7}"
EndProject
Project("{2150E333-8FDC-42A3-9474-1A3956D46DE8}") = "Task4", "Task4", "{E4E3BAAF-79EF-4626-8E02-2903C2A82BC3}"
EndProject
Project("{FAE04EC0-301F-11D3-BF4B-00C04F79EFBC}") = "Tyuiu.NikolaevaAN.Sprint4.Task4.V2", "Tyuiu.NikolaevaAN.Sprint4.Task4.V2\Tyuiu.NikolaevaAN.Sprint4.Task4.V2.csproj", "{34E67BFE-09A0-483F-95CA-F703FC6DBE16}"
EndProject
Project("{FAE04EC0-301F-11D3-BF4B-00C04F79EFBC}") = "Tyuiu.NikolaevaAN.Sprint4.Task4.V2.Lib", "Tyuiu.NikolaevaAN.Sprint4.Task4.V2.Lib\Tyuiu.NikolaevaAN.Sprint4.Task4.V2.Lib.csproj", "{76404906-E365-4314-8751-673DCD5FA0B1}"
EndProject
Project("{FAE04EC0-301F-11D3-BF4B-00C04F79EFBC}") = "Tyuiu.NikolaevaAN.Sprint4.Task4.V2.Test", "Tyuiu.NikolaevaAN.Sprint4.Task4.V2.Test\Tyuiu.NikolaevaAN.Sprint4.Task4.V2.Test.csproj", "{F1D0CA53-86D4-48CB-8867-C16053EEFFFA}"
EndProject
Project("{2150E333-8FDC-42A3-9474-1A3956D46DE8}") = "Task5", "Task5", "{B4574D38-02BA-432E-A9B3-2CA44B74D840}"
EndProject
Project("{FAE04EC0-301F-11D3-BF4B-00C04F79EFBC}") = "Tyuiu.NikolaevaAN.Sprint4.Task5.V9", "Tyuiu.NikolaevaAN.Sprint4.Task5.V9\Tyuiu.NikolaevaAN.Sprint4.Task5.V9.csproj", "{F34FD970-3858-47CD-B480-C36B51D52403}"
EndProject
Project("{FAE04EC0-301F-11D3-BF4B-00C04F79EFBC}") = "Tyuiu.NikolaevaAN.Sprint4.Task5.V9.Lib", "Tyuiu.NikolaevaAN.Sprint4.Task5.V9.Lib\Tyuiu.NikolaevaAN.Sprint4.Task5.V9.Lib.csproj", "{68B184A4-8CBD-4790-8A8C-E2E046064DDB}"
EndProject
Project("{FAE04EC0-301F-11D3-BF4B-00C04F79EFBC}") = "Tyuiu.NikolaevaAN.Sprint4.Task5.V9.Test", "Tyuiu.NikolaevaAN.Sprint4.Task5.V9.Test\Tyuiu.NikolaevaAN.Sprint4.Task5.V9.Test.csproj", "{9F72BBAF-E830-43DB-8746-86A1AF28B6C6}"
EndProject
Project("{2150E333-8FDC-42A3-9474-1A3956D46DE8}") = "Task6", "Task6", "{67290401-1BCA-4153-AED7-A70532AC4E9F}"
EndProject
Project("{FAE04EC0-301F-11D3-BF4B-00C04F79EFBC}") = "Tyuiu.NikolaevaAN.Sprint4.Task6.V8", "Tyuiu.NikolaevaAN.Sprint4.Task6.V8\Tyuiu.NikolaevaAN.Sprint4.Task6.V8.csproj", "{0E812E81-3F8A-4C06-B706-577FECFFC630}"
EndProject
Project("{FAE04EC0-301F-11D3-BF4B-00C04F79EFBC}") = "Tyuiu.NikolaevaAN.Sprint4.Task6.V8.Lib", "Tyuiu.NikolaevaAN.Sprint4.Task6.V8.Lib\Tyuiu.NikolaevaAN.Sprint4.Task6.V8.Lib.csproj", "{F2B9155B-A582-4CDF-9292-1C739D6B6A4E}"
EndProject
Project("{FAE04EC0-301F-11D3-BF4B-00C04F79EFBC}") = "Tyuiu.NikolaevaAN.Sprint4.Task6.V8.Test", "Tyuiu.NikolaevaAN.Sprint4.Task6.V8.Test\Tyuiu.NikolaevaAN.Sprint4.Task6.V8.Test.csproj", "{603CBDF7-491F-4FA1-8011-47866C7A6EE7}"
EndProject
Project("{2150E333-8FDC-42A3-9474-1A3956D46DE8}") = "Task7", "Task7", "{0503FBE8-F4BC-4025-A944-38E68CDF5077}"
EndProject
Project("{FAE04EC0-301F-11D3-BF4B-00C04F79EFBC}") = "Tyuiu.NikolaevaAN.Sprint4.Task7.V20", "Tyuiu.NikolaevaAN.Sprint4.Task7.V20\Tyuiu.NikolaevaAN.Sprint4.Task7.V20.csproj", "{BD9D085C-0B2F-4C4B-AA4B-99153C6D2670}"
EndProject
Project("{FAE04EC0-301F-11D3-BF4B-00C04F79EFBC}") = "Tyuiu.NikolaevaAN.Sprint4.Task7.V20.Lib", "Tyuiu.NikolaevaAN.Sprint4.Task7.V20.Lib\Tyuiu.NikolaevaAN.Sprint4.Task7.V20.Lib.csproj", "{C044FA2B-B587-4EED-981C-86AF15476F3D}"
EndProject
Project("{FAE04EC0-301F-11D3-BF4B-00C04F79EFBC}") = "Tyuiu.NikolaevaAN.Sprint4.Task7.V20.Test", "Tyuiu.NikolaevaAN.Sprint4.Task7.V20.Test\Tyuiu.NikolaevaAN.Sprint4.Task7.V20.Test.csproj", "{E3368EA4-BE08-426D-A701-69B4D6C581C9}"
EndProject
Global
	GlobalSection(SolutionConfigurationPlatforms) = preSolution
		Debug|Any CPU = Debug|Any CPU
		Release|Any CPU = Release|Any CPU
	EndGlobalSection
	GlobalSection(ProjectConfigurationPlatforms) = postSolution
		{46631E4A-FD1B-49EC-BF95-F1020A8AD141}.Debug|Any CPU.ActiveCfg = Debug|Any CPU
		{46631E4A-FD1B-49EC-BF95-F1020A8AD141}.Debug|Any CPU.Build.0 = Debug|Any CPU
		{46631E4A-FD1B-49EC-BF95-F1020A8AD141}.Release|Any CPU.ActiveCfg = Release|Any CPU
		{46631E4A-FD1B-49EC-BF95-F1020A8AD141}.Release|Any CPU.Build.0 = Release|Any CPU
		{390CF5CB-CA58-4594-8C02-64D8E263D87B}.Debug|Any CPU.ActiveCfg = Debug|Any CPU
		{390CF5CB-CA58-4594-8C02-64D8E263D87B}.Debug|Any CPU.Build.0 = Debug|Any CPU
		{390CF5CB-CA58-4594-8C02-64D8E263D87B}.Release|Any CPU.ActiveCfg = Release|Any CPU
		{390CF5CB-CA58-4594-8C02-64D8E263D87B}.Release|Any CPU.Build.0 = Release|Any CPU
		{68C7E2EA-874E-4E60-BF1F-7B9723C47C12}.Debug|Any CPU.ActiveCfg = Debug|Any CPU
		{68C7E2EA-874E-4E60-BF1F-7B9723C47C12}.Debug|Any CPU.Build.0 = Debug|Any CPU
		{68C7E2EA-874E-4E60-BF1F-7B9723C47C12}.Release|Any CPU.ActiveCfg = Release|Any CPU
		{68C7E2EA-874E-4E60-BF1F-7B9723C47C12}.Release|Any CPU.Build.0 = Release|Any CPU
		{208E14B9-331B-4273-A580-1CA1B7A349D8}.Debug|Any CPU.ActiveCfg = Debug|Any CPU
		{208E14B9-331B-4273-A580-1CA1B7A349D8}.Debug|Any CPU.Build.0 = Debug|Any CPU
		{208E14B9-331B-4273-A580-1CA1B7A349D8}.Release|Any CPU.ActiveCfg = Release|Any CPU
		{208E14B9-331B-4273-A580-1CA1B7A349D8}.Release|Any CPU.Build.0 = Release|Any CPU
		{AE1B3896-63C6-4F50-89F7-39BE19977DBF}.Debug|Any CPU.ActiveCfg = Debug|Any CPU
		{AE1B3896-63C6-4F50-89F7-39BE19977DBF}.Debug|Any CPU.Build.0 = Debug|Any CPU
		{AE1B3896-63C6-4F50-89F7-39BE19977DBF}.Release|Any CPU.ActiveCfg = Release|Any CPU
		{AE1B3896-63C6-4F50-89F7-39BE19977DBF}.Release|Any CPU.Build.0 = Release|Any CPU
		{665412F6-E003-4046-9864-630E09FF4D3F}.Debug|Any CPU.ActiveCfg = Debug|Any CPU
		{665412F6-E003-4046-9864-630E09FF4D3F}.Debug|Any CPU.Build.0 = Debug|Any CPU
		{665412F6-E003-4046-9864-630E09FF4D3F}.Release|Any CPU.ActiveCfg = Release|Any CPU
		{665412F6-E003-4046-9864-630E09FF4D3F}.Release|Any CPU.Build.0 = Release|Any CPU
		{72B367F2-1A11-4413-A6FD-582F8F894472}.Debug|Any CPU.ActiveCfg = Debug|Any CPU
		{72B367F2-1A11-4413-A6FD-582F8F894472}.Debug|Any CPU.Build.0 = Debug|Any CPU
		{72B367F2-1A11-4413-A6FD-582F8F894472}.Release|Any CPU.ActiveCfg = Release|Any CPU
		{72B367F2-1A11-4413-A6FD-582F8F894472}.Release|Any CPU.Build.0 = Release|Any CPU
		{009FA6B2-E0A5-435D-9276-B6163EA06DB1}.Debug|Any CPU.ActiveCfg = Debug|Any CPU
		{009FA6B2-E0A5-435D-9276-B6163EA06DB1}.Debug|Any CPU.Build.0 = Debug|Any CPU
		{009FA6B2-E0A5-435D-9276-B6163EA06DB1}.Release|Any CPU.ActiveCfg = Release|Any CPU
		{009FA6B2-E0A5-435D-9276-B6163EA06DB1}.Release|Any CPU.Build.0 = Release|Any CPU
		{98FE44A8-0799-4A2C-9122-6641978ACF03}.Debug|Any CPU.ActiveCfg = Debug|Any CPU
		{98FE44A8-0799-4A2C-9122-6641978ACF03}.Debug|Any CPU.Build.0 = Debug|Any CPU
		{98FE44A8-0799-4A2C-9122-6641978ACF03}.Release|Any CPU.ActiveCfg = Release|Any CPU
		{98FE44A8-0799-4A2C-9122-6641978ACF03}.Release|Any CPU.Build.0 = Release|Any CPU
		{1F4CB17E-0308-4298-9BAD-B42E75D9E5F7}.Debug|Any CPU.ActiveCfg = Debug|Any CPU
		{1F4CB17E-0308-4298-9BAD-B42E75D9E5F7}.Debug|Any CPU.Build.0 = Debug|Any CPU
		{1F4CB17E-0308-4298-9BAD-B42E75D9E5F7}.Release|Any CPU.ActiveCfg = Release|Any CPU
		{1F4CB17E-0308-4298-9BAD-B42E75D9E5F7}.Release|Any CPU.Build.0 = Release|Any CPU
		{CF1F4051-AA93-4C96-81BD-7BE551A1B4FB}.Debug|Any CPU.ActiveCfg = Debug|Any CPU
		{CF1F4051-AA93-4C96-81BD-7BE551A1B4FB}.Debug|Any CPU.Build.0 = Debug|Any CPU
		{CF1F4051-AA93-4C96-81BD-7BE551A1B4FB}.Release|Any CPU.ActiveCfg = Release|Any CPU
		{CF1F4051-AA93-4C96-81BD-7BE551A1B4FB}.Release|Any CPU.Build.0 = Release|Any CPU
		{F5EB2EF1-62F8-40D2-8600-46F460A41DB7}.Debug|Any CPU.ActiveCfg = Debug|Any CPU
		{F5EB2EF1-62F8-40D2-8600-46F460A41DB7}.Debug|Any CPU.Build.0 = Debug|Any CPU
		{F5EB2EF1-62F8-40D2-8600-46F460A41DB7}.Release|Any CPU.ActiveCfg = Release|Any CPU
		{F5EB2EF1-62F8-40D2-8600-46F460A41DB7}.Release|Any CPU.Build.0 = Release|Any CPU
		{34E67BFE-09A0-483F-95CA-F703FC6DBE16}.Debug|Any CPU.ActiveCfg = Debug|Any CPU
		{34E67BFE-09A0-483F-95CA-F703FC6DBE16}.Debug|Any CPU.Build.0 = Debug|Any CPU
		{34E67BFE-09A0-483F-95CA-F703FC6DBE16}.Release|Any CPU.ActiveCfg = Release|Any CPU
		{34E67BFE-09A0-483F-95CA-F703FC6DBE16}.Release|Any CPU.Build.0 = Release|Any CPU
		{76404906-E365-4314-8751-673DCD5FA0B1}.Debug|Any CPU.ActiveCfg = Debug|Any CPU
		{76404906-E365-4314-8751-673DCD5FA0B1}.Debug|Any CPU.Build.0 = Debug|Any CPU
		{76404906-E365-4314-8751-673DCD5FA0B1}.Release|Any CPU.ActiveCfg = Release|Any CPU
		{76404906-E365-4314-8751-673DCD5FA0B1}.Release|Any CPU.Build.0 = Release|Any CPU
		{F1D0CA53-86D4-48CB-8867-C16053EEFFFA}.Debug|Any CPU.ActiveCfg = Debug|Any CPU
		{F1D0CA53-86D4-48CB-8867-C16053EEFFFA}.Debug|Any CPU.Build.0 = Debug|Any CPU
		{F1D0CA53-86D4-48CB-8867-C16053EEFFFA}.Release|Any CPU.ActiveCfg = Release|Any CPU
		{F1D0CA53-86D4-48CB-8867-C16053EEFFFA}.Release|Any CPU.Build.0 = Release|Any CPU
		{F34FD970-3858-47CD-B480-C36B51D52403}.Debug|Any CPU.ActiveCfg = Debug|Any CPU
		{F34FD970-3858-47CD-B480-C36B51D52403}.Debug|Any CPU.Build.0 = Debug|Any CPU
		{F34FD970-3858-47CD-B480-C36B51D52403}.Release|Any CPU.ActiveCfg = Release|Any CPU
		{F34FD970-3858-47CD-B480-C36B51D52403}.Release|Any CPU.Build.0 = Release|Any CPU
		{68B184A4-8CBD-4790-8A8C-E2E046064DDB}.Debug|Any CPU.ActiveCfg = Debug|Any CPU
		{68B184A4-8CBD-4790-8A8C-E2E046064DDB}.Debug|Any CPU.Build.0 = Debug|Any CPU
		{68B184A4-8CBD-4790-8A8C-E2E046064DDB}.Release|Any CPU.ActiveCfg = Release|Any CPU
		{68B184A4-8CBD-4790-8A8C-E2E046064DDB}.Release|Any CPU.Build.0 = Release|Any CPU
		{9F72BBAF-E830-43DB-8746-86A1AF28B6C6}.Debug|Any CPU.ActiveCfg = Debug|Any CPU
		{9F72BBAF-E830-43DB-8746-86A1AF28B6C6}.Debug|Any CPU.Build.0 = Debug|Any CPU
		{9F72BBAF-E830-43DB-8746-86A1AF28B6C6}.Release|Any CPU.ActiveCfg = Release|Any CPU
		{9F72BBAF-E830-43DB-8746-86A1AF28B6C6}.Release|Any CPU.Build.0 = Release|Any CPU
		{0E812E81-3F8A-4C06-B706-577FECFFC630}.Debug|Any CPU.ActiveCfg = Debug|Any CPU
		{0E812E81-3F8A-4C06-B706-577FECFFC630}.Debug|Any CPU.Build.0 = Debug|Any CPU
		{0E812E81-3F8A-4C06-B706-577FECFFC630}.Release|Any CPU.ActiveCfg = Release|Any CPU
		{0E812E81-3F8A-4C06-B706-577FECFFC630}.Release|Any CPU.Build.0 = Release|Any CPU
		{F2B9155B-A582-4CDF-9292-1C739D6B6A4E}.Debug|Any CPU.ActiveCfg = Debug|Any CPU
		{F2B9155B-A582-4CDF-9292-1C739D6B6A4E}.Debug|Any CPU.Build.0 = Debug|Any CPU
		{F2B9155B-A582-4CDF-9292-1C739D6B6A4E}.Release|Any CPU.ActiveCfg = Release|Any CPU
		{F2B9155B-A582-4CDF-9292-1C739D6B6A4E}.Release|Any CPU.Build.0 = Release|Any CPU
		{603CBDF7-491F-4FA1-8011-47866C7A6EE7}.Debug|Any CPU.ActiveCfg = Debug|Any CPU
		{603CBDF7-491F-4FA1-8011-47866C7A6EE7}.Debug|Any CPU.Build.0 = Debug|Any CPU
		{603CBDF7-491F-4FA1-8011-47866C7A6EE7}.Release|Any CPU.ActiveCfg = Release|Any CPU
		{603CBDF7-491F-4FA1-8011-47866C7A6EE7}.Release|Any CPU.Build.0 = Release|Any CPU
		{BD9D085C-0B2F-4C4B-AA4B-99153C6D2670}.Debug|Any CPU.ActiveCfg = Debug|Any CPU
		{BD9D085C-0B2F-4C4B-AA4B-99153C6D2670}.Debug|Any CPU.Build.0 = Debug|Any CPU
		{BD9D085C-0B2F-4C4B-AA4B-99153C6D2670}.Release|Any CPU.ActiveCfg = Release|Any CPU
		{BD9D085C-0B2F-4C4B-AA4B-99153C6D2670}.Release|Any CPU.Build.0 = Release|Any CPU
		{C044FA2B-B587-4EED-981C-86AF15476F3D}.Debug|Any CPU.ActiveCfg = Debug|Any CPU
		{C044FA2B-B587-4EED-981C-86AF15476F3D}.Debug|Any CPU.Build.0 = Debug|Any CPU
		{C044FA2B-B587-4EED-981C-86AF15476F3D}.Release|Any CPU.ActiveCfg = Release|Any CPU
		{C044FA2B-B587-4EED-981C-86AF15476F3D}.Release|Any CPU.Build.0 = Release|Any CPU
		{E3368EA4-BE08-426D-A701-69B4D6C581C9}.Debug|Any CPU.ActiveCfg = Debug|Any CPU
		{E3368EA4-BE08-426D-A701-69B4D6C581C9}.Debug|Any CPU.Build.0 = Debug|Any CPU
		{E3368EA4-BE08-426D-A701-69B4D6C581C9}.Release|Any CPU.ActiveCfg = Release|Any CPU
		{E3368EA4-BE08-426D-A701-69B4D6C581C9}.Release|Any CPU.Build.0 = Release|Any CPU
	EndGlobalSection
	GlobalSection(SolutionProperties) = preSolution
		HideSolutionNode = FALSE
	EndGlobalSection
	GlobalSection(NestedProjects) = preSolution
		{46631E4A-FD1B-49EC-BF95-F1020A8AD141} = {54449CF1-3D20-467B-BC6E-1B4307B0FE7B}
		{390CF5CB-CA58-4594-8C02-64D8E263D87B} = {54449CF1-3D20-467B-BC6E-1B4307B0FE7B}
		{68C7E2EA-874E-4E60-BF1F-7B9723C47C12} = {54449CF1-3D20-467B-BC6E-1B4307B0FE7B}
		{208E14B9-331B-4273-A580-1CA1B7A349D8} = {41D265E2-390F-4750-A872-04D76589384E}
		{AE1B3896-63C6-4F50-89F7-39BE19977DBF} = {41D265E2-390F-4750-A872-04D76589384E}
		{665412F6-E003-4046-9864-630E09FF4D3F} = {41D265E2-390F-4750-A872-04D76589384E}
		{72B367F2-1A11-4413-A6FD-582F8F894472} = {258DB27B-3711-45C5-96D8-6255A42026D1}
		{009FA6B2-E0A5-435D-9276-B6163EA06DB1} = {258DB27B-3711-45C5-96D8-6255A42026D1}
		{98FE44A8-0799-4A2C-9122-6641978ACF03} = {258DB27B-3711-45C5-96D8-6255A42026D1}
		{1F4CB17E-0308-4298-9BAD-B42E75D9E5F7} = {8DA1183E-7676-48F2-84FF-79A815A7675D}
		{CF1F4051-AA93-4C96-81BD-7BE551A1B4FB} = {8DA1183E-7676-48F2-84FF-79A815A7675D}
		{F5EB2EF1-62F8-40D2-8600-46F460A41DB7} = {8DA1183E-7676-48F2-84FF-79A815A7675D}
		{34E67BFE-09A0-483F-95CA-F703FC6DBE16} = {E4E3BAAF-79EF-4626-8E02-2903C2A82BC3}
		{76404906-E365-4314-8751-673DCD5FA0B1} = {E4E3BAAF-79EF-4626-8E02-2903C2A82BC3}
		{F1D0CA53-86D4-48CB-8867-C16053EEFFFA} = {E4E3BAAF-79EF-4626-8E02-2903C2A82BC3}
		{F34FD970-3858-47CD-B480-C36B51D52403} = {B4574D38-02BA-432E-A9B3-2CA44B74D840}
		{68B184A4-8CBD-4790-8A8C-E2E046064DDB} = {B4574D38-02BA-432E-A9B3-2CA44B74D840}
		{9F72BBAF-E830-43DB-8746-86A1AF28B6C6} = {B4574D38-02BA-432E-A9B3-2CA44B74D840}
		{0E812E81-3F8A-4C06-B706-577FECFFC630} = {67290401-1BCA-4153-AED7-A70532AC4E9F}
		{F2B9155B-A582-4CDF-9292-1C739D6B6A4E} = {67290401-1BCA-4153-AED7-A70532AC4E9F}
		{603CBDF7-491F-4FA1-8011-47866C7A6EE7} = {67290401-1BCA-4153-AED7-A70532AC4E9F}
		{BD9D085C-0B2F-4C4B-AA4B-99153C6D2670} = {0503FBE8-F4BC-4025-A944-38E68CDF5077}
		{C044FA2B-B587-4EED-981C-86AF15476F3D} = {0503FBE8-F4BC-4025-A944-38E68CDF5077}
		{E3368EA4-BE08-426D-A701-69B4D6C581C9} = {0503FBE8-F4BC-4025-A944-38E68CDF5077}
	EndGlobalSection
	GlobalSection(ExtensibilityGlobals) = postSolution
		SolutionGuid = {2C70DD17-2D89-483F-AF56-A6F60F95E3EA}
	EndGlobalSection
EndGlobal
